
Microsoft Visual Studio Solution File, Format Version 12.00
# Visual Studio Version 16
VisualStudioVersion = 16.0.30320.27
MinimumVisualStudioVersion = 10.0.40219.1
Project("{FAE04EC0-301F-11D3-BF4B-00C04F79EFBC}") = "QueueArray", "QueueArray\QueueArray.csproj", "{DFB8B9D0-0606-41CF-A4C7-6C215A3E28AD}"
EndProject
Global
	GlobalSection(SolutionConfigurationPlatforms) = preSolution
		Debug|Any CPU = Debug|Any CPU
		Release|Any CPU = Release|Any CPU
	EndGlobalSection
	GlobalSection(ProjectConfigurationPlatforms) = postSolution
		{DFB8B9D0-0606-41CF-A4C7-6C215A3E28AD}.Debug|Any CPU.ActiveCfg = Debug|Any CPU
		{DFB8B9D0-0606-41CF-A4C7-6C215A3E28AD}.Debug|Any CPU.Build.0 = Debug|Any CPU
		{DFB8B9D0-0606-41CF-A4C7-6C215A3E28AD}.Release|Any CPU.ActiveCfg = Release|Any CPU
		{DFB8B9D0-0606-41CF-A4C7-6C215A3E28AD}.Release|Any CPU.Build.0 = Release|Any CPU
	EndGlobalSection
	GlobalSection(SolutionProperties) = preSolution
		HideSolutionNode = FALSE
	EndGlobalSection
	GlobalSection(ExtensibilityGlobals) = postSolution
		SolutionGuid = {2AA4FEEC-7B9B-4F27-9538-D208925DC77C}
	EndGlobalSection
EndGlobal
